
Microsoft Visual Studio Solution File, Format Version 12.00
# Visual Studio Version 16
VisualStudioVersion = 16.0.31321.278
MinimumVisualStudioVersion = 10.0.40219.1
Project("{FAE04EC0-301F-11D3-BF4B-00C04F79EFBC}") = "KnowledgeSpace.BackendServer", "KnowledgeSpace.BackendServer.csproj", "{01A035E6-B79F-497B-A114-F0015449A15F}"
EndProject
Project("{FAE04EC0-301F-11D3-BF4B-00C04F79EFBC}") = "KnowledgeSpace.WebPortal", "..\KnowledgeSpace.WebPortal\KnowledgeSpace.WebPortal.csproj", "{316DF9F8-0C68-4302-AA77-FB17C48D2489}"
EndProject
Project("{FAE04EC0-301F-11D3-BF4B-00C04F79EFBC}") = "KnowledgeSpace.ViewModels", "..\KnowledgeSpace.ViewModels\KnowledgeSpace.ViewModels.csproj", "{ED8602BE-FF16-46B1-9B44-71ED745C62AE}"
EndProject
Global
	GlobalSection(SolutionConfigurationPlatforms) = preSolution
		Debug|Any CPU = Debug|Any CPU
		Release|Any CPU = Release|Any CPU
	EndGlobalSection
	GlobalSection(ProjectConfigurationPlatforms) = postSolution
		{01A035E6-B79F-497B-A114-F0015449A15F}.Debug|Any CPU.ActiveCfg = Debug|Any CPU
		{01A035E6-B79F-497B-A114-F0015449A15F}.Debug|Any CPU.Build.0 = Debug|Any CPU
		{01A035E6-B79F-497B-A114-F0015449A15F}.Release|Any CPU.ActiveCfg = Release|Any CPU
		{01A035E6-B79F-497B-A114-F0015449A15F}.Release|Any CPU.Build.0 = Release|Any CPU
		{316DF9F8-0C68-4302-AA77-FB17C48D2489}.Debug|Any CPU.ActiveCfg = Debug|Any CPU
		{316DF9F8-0C68-4302-AA77-FB17C48D2489}.Debug|Any CPU.Build.0 = Debug|Any CPU
		{316DF9F8-0C68-4302-AA77-FB17C48D2489}.Release|Any CPU.ActiveCfg = Release|Any CPU
		{316DF9F8-0C68-4302-AA77-FB17C48D2489}.Release|Any CPU.Build.0 = Release|Any CPU
		{ED8602BE-FF16-46B1-9B44-71ED745C62AE}.Debug|Any CPU.ActiveCfg = Debug|Any CPU
		{ED8602BE-FF16-46B1-9B44-71ED745C62AE}.Debug|Any CPU.Build.0 = Debug|Any CPU
		{ED8602BE-FF16-46B1-9B44-71ED745C62AE}.Release|Any CPU.ActiveCfg = Release|Any CPU
		{ED8602BE-FF16-46B1-9B44-71ED745C62AE}.Release|Any CPU.Build.0 = Release|Any CPU
	EndGlobalSection
	GlobalSection(SolutionProperties) = preSolution
		HideSolutionNode = FALSE
	EndGlobalSection
	GlobalSection(ExtensibilityGlobals) = postSolution
		SolutionGuid = {1F6F8D82-4B78-4B91-8BA4-EC574EC7FF28}
	EndGlobalSection
EndGlobal
